
Microsoft Visual Studio Solution File, Format Version 12.00
# Visual Studio Version 17
VisualStudioVersion = 17.4.32804.182
MinimumVisualStudioVersion = 10.0.40219.1
Project("{9A19103F-16F7-4668-BE54-9A1E7A4F7556}") = "SocialNetwork", "SocialNetwork\SocialNetwork.csproj", "{B837AE05-DEF3-47A3-92FD-B02819E585D8}"
EndProject
Project("{9A19103F-16F7-4668-BE54-9A1E7A4F7556}") = "SocialNetwork.Service", "SocialNetwork.Service\SocialNetwork.Service.csproj", "{CABC489B-DF60-4F60-95D1-64E9B17BFFA6}"
EndProject
Project("{9A19103F-16F7-4668-BE54-9A1E7A4F7556}") = "SocialNetwork.Repository", "SocialNetwork.Repository\SocialNetwork.Repository.csproj", "{FF73B22F-D349-48F8-A4CC-68FE04A20EAB}"
EndProject
Project("{9A19103F-16F7-4668-BE54-9A1E7A4F7556}") = "SocialNetwork.Repository.Base", "SocialNetwork.Repository.Base\SocialNetwork.Repository.Base.csproj", "{B8DA4CD7-E1A6-4FF9-99F8-4830D21A887E}"
EndProject
Project("{9A19103F-16F7-4668-BE54-9A1E7A4F7556}") = "SocialNetwork.Helper", "SocialNetwork.Helper\SocialNetwork.Helper.csproj", "{CB397FCA-DE6C-4318-BFF4-8C982BDAA5B9}"
EndProject
Project("{2150E333-8FDC-42A3-9474-1A3956D46DE8}") = "Solution Items", "Solution Items", "{8AC9C7EC-D1A0-442D-8E00-9F1E081D2D5E}"
	ProjectSection(SolutionItems) = preProject
		.dockerignore = .dockerignore
		docker-compose.yml = docker-compose.yml
		Dockerfile = Dockerfile
		README.md = README.md
	EndProjectSection
EndProject
Project("{00D1A9C2-B5F0-4AF3-8072-F6C62B433612}") = "SocialNetwork.Database.SQLServer", "SocialNetwork.Database.SQLServer\SocialNetwork.Database.SQLServer.sqlproj", "{31484AF8-D824-4134-9CEB-88346CC5E999}"
EndProject
Project("{2150E333-8FDC-42A3-9474-1A3956D46DE8}") = "MSSQL", "MSSQL", "{D945EF93-FB69-4AAB-9604-579CABD2A4CE}"
	ProjectSection(SolutionItems) = preProject
		MSSQL\entrypoint.sh = MSSQL\entrypoint.sh
	EndProjectSection
EndProject
Project("{2150E333-8FDC-42A3-9474-1A3956D46DE8}") = "backup", "backup", "{92A9C2DC-F383-4B49-883D-C68AE579DE2A}"
	ProjectSection(SolutionItems) = preProject
		MSSQL\backup\SocialNetwork.bak = MSSQL\backup\SocialNetwork.bak
	EndProjectSection
EndProject
Project("{2150E333-8FDC-42A3-9474-1A3956D46DE8}") = "script", "script", "{DF784F8E-4810-44BF-B898-6216684E71FF}"
EndProject
Project("{2150E333-8FDC-42A3-9474-1A3956D46DE8}") = "DB_Infrastructure", "DB_Infrastructure", "{181B3902-D885-4728-AA5D-ACD8F6D48596}"
	ProjectSection(SolutionItems) = preProject
		Infrastructure\MSSQL_FK.sql = Infrastructure\MSSQL_FK.sql
		Infrastructure\PostgreSQL_TableInit.sql = Infrastructure\PostgreSQL_TableInit.sql
	EndProjectSection
EndProject
Global
	GlobalSection(SolutionConfigurationPlatforms) = preSolution
		Debug|Any CPU = Debug|Any CPU
		Release|Any CPU = Release|Any CPU
	EndGlobalSection
	GlobalSection(ProjectConfigurationPlatforms) = postSolution
		{B837AE05-DEF3-47A3-92FD-B02819E585D8}.Debug|Any CPU.ActiveCfg = Debug|Any CPU
		{B837AE05-DEF3-47A3-92FD-B02819E585D8}.Debug|Any CPU.Build.0 = Debug|Any CPU
		{B837AE05-DEF3-47A3-92FD-B02819E585D8}.Release|Any CPU.ActiveCfg = Release|Any CPU
		{B837AE05-DEF3-47A3-92FD-B02819E585D8}.Release|Any CPU.Build.0 = Release|Any CPU
		{CABC489B-DF60-4F60-95D1-64E9B17BFFA6}.Debug|Any CPU.ActiveCfg = Debug|Any CPU
		{CABC489B-DF60-4F60-95D1-64E9B17BFFA6}.Debug|Any CPU.Build.0 = Debug|Any CPU
		{CABC489B-DF60-4F60-95D1-64E9B17BFFA6}.Release|Any CPU.ActiveCfg = Release|Any CPU
		{CABC489B-DF60-4F60-95D1-64E9B17BFFA6}.Release|Any CPU.Build.0 = Release|Any CPU
		{FF73B22F-D349-48F8-A4CC-68FE04A20EAB}.Debug|Any CPU.ActiveCfg = Debug|Any CPU
		{FF73B22F-D349-48F8-A4CC-68FE04A20EAB}.Debug|Any CPU.Build.0 = Debug|Any CPU
		{FF73B22F-D349-48F8-A4CC-68FE04A20EAB}.Release|Any CPU.ActiveCfg = Release|Any CPU
		{FF73B22F-D349-48F8-A4CC-68FE04A20EAB}.Release|Any CPU.Build.0 = Release|Any CPU
		{B8DA4CD7-E1A6-4FF9-99F8-4830D21A887E}.Debug|Any CPU.ActiveCfg = Debug|Any CPU
		{B8DA4CD7-E1A6-4FF9-99F8-4830D21A887E}.Debug|Any CPU.Build.0 = Debug|Any CPU
		{B8DA4CD7-E1A6-4FF9-99F8-4830D21A887E}.Release|Any CPU.ActiveCfg = Release|Any CPU
		{B8DA4CD7-E1A6-4FF9-99F8-4830D21A887E}.Release|Any CPU.Build.0 = Release|Any CPU
		{CB397FCA-DE6C-4318-BFF4-8C982BDAA5B9}.Debug|Any CPU.ActiveCfg = Debug|Any CPU
		{CB397FCA-DE6C-4318-BFF4-8C982BDAA5B9}.Debug|Any CPU.Build.0 = Debug|Any CPU
		{CB397FCA-DE6C-4318-BFF4-8C982BDAA5B9}.Release|Any CPU.ActiveCfg = Release|Any CPU
		{CB397FCA-DE6C-4318-BFF4-8C982BDAA5B9}.Release|Any CPU.Build.0 = Release|Any CPU
		{31484AF8-D824-4134-9CEB-88346CC5E999}.Debug|Any CPU.ActiveCfg = Debug|Any CPU
		{31484AF8-D824-4134-9CEB-88346CC5E999}.Debug|Any CPU.Build.0 = Debug|Any CPU
		{31484AF8-D824-4134-9CEB-88346CC5E999}.Debug|Any CPU.Deploy.0 = Debug|Any CPU
		{31484AF8-D824-4134-9CEB-88346CC5E999}.Release|Any CPU.ActiveCfg = Release|Any CPU
		{31484AF8-D824-4134-9CEB-88346CC5E999}.Release|Any CPU.Build.0 = Release|Any CPU
		{31484AF8-D824-4134-9CEB-88346CC5E999}.Release|Any CPU.Deploy.0 = Release|Any CPU
	EndGlobalSection
	GlobalSection(SolutionProperties) = preSolution
		HideSolutionNode = FALSE
	EndGlobalSection
	GlobalSection(NestedProjects) = preSolution
		{92A9C2DC-F383-4B49-883D-C68AE579DE2A} = {D945EF93-FB69-4AAB-9604-579CABD2A4CE}
		{DF784F8E-4810-44BF-B898-6216684E71FF} = {D945EF93-FB69-4AAB-9604-579CABD2A4CE}
	EndGlobalSection
	GlobalSection(ExtensibilityGlobals) = postSolution
		SolutionGuid = {A183403A-F2CB-4CB3-B87F-18AFBCF86967}
	EndGlobalSection
EndGlobal
